<?xml version="1.0" encoding="utf-8"?>
<Project ToolsVersion="4.0" xmlns="http://schemas.microsoft.com/developer/msbuild/2003">
  <ItemGroup>
    <Filter Include="Source Files">
      <UniqueIdentifier>{4FC737F1-C7A5-4376-A066-2A32D752A2FF}</UniqueIdentifier>
      <Extensions>cpp;c;cc;cxx;def;odl;idl;hpj;bat;asm;asmx</Extensions>
    </Filter>
    <Filter Include="Header Files">
      <UniqueIdentifier>{93995380-89BD-4b04-88EB-625FBE52EBFB}</UniqueIdentifier>
      <Extensions>h;hpp;hxx;hm;inl;inc;xsd</Extensions>
    </Filter>
    <Filter Include="Resource Files">
      <UniqueIdentifier>{67DA6AB6-F800-4c08-8B7A-83BB121AAD01}</UniqueIdentifier>
      <Extensions>rc;ico;cur;bmp;dlg;rc2;rct;bin;rgs;gif;jpg;jpeg;jpe;resx;tiff;tif;png;wav;mfcribbon-ms</Extensions>
    </Filter>
    <Filter Include="Header Files\render">
      <UniqueIdentifier>{357a7ca3-ef84-4466-8a57-63acfb253789}</UniqueIdentifier>
    </Filter>
    <Filter Include="Source Files\render">
      <UniqueIdentifier>{02d64065-22b7-4d7e-a328-cbb06425fe3b}</UniqueIdentifier>
    </Filter>
    <Filter Include="Source Files\common">
      <UniqueIdentifier>{4ff85ba4-8072-49b6-8f0e-db98821ac6f7}</UniqueIdentifier>
    </Filter>
    <Filter Include="Header Files\common">
      <UniqueIdentifier>{f19cc3ac-32af-4bdc-91b2-228884f5721a}</UniqueIdentifier>
    </Filter>
    <Filter Include="Source Files\objects">
      <UniqueIdentifier>{8cb2df28-2f4f-403a-9561-982e7af7fb6d}</UniqueIdentifier>
    </Filter>
    <Filter Include="Header Files\objects">
      <UniqueIdentifier>{ea5f5264-b048-4289-984b-4bd66045acb0}</UniqueIdentifier>
    </Filter>
    <Filter Include="Resource Files\shaders">
      <UniqueIdentifier>{af038401-4f3a-49a6-b4e8-e2b12c13e2a6}</UniqueIdentifier>
    </Filter>
  </ItemGroup>
  <ItemGroup>
    <Text Include="ReadMe.txt" />
  </ItemGroup>
  <ItemGroup>
    <ClInclude Include="stdafx.h">
      <Filter>Header Files</Filter>
    </ClInclude>
    <ClInclude Include="render\OpenGL.h">
      <Filter>Header Files\render</Filter>
    </ClInclude>
    <ClInclude Include="render\GLWindow.h">
      <Filter>Header Files\render</Filter>
    </ClInclude>
    <ClInclude Include="common\common.h">
      <Filter>Header Files\common</Filter>
    </ClInclude>
    <ClInclude Include="common\Logger.h">
      <Filter>Header Files\common</Filter>
    </ClInclude>
    <ClInclude Include="render\Scene.h">
      <Filter>Header Files\render</Filter>
    </ClInclude>
    <ClInclude Include="common\SmartPtr.h">
      <Filter>Header Files\common</Filter>
    </ClInclude>
    <ClInclude Include="objects\Object.h">
      <Filter>Header Files\objects</Filter>
    </ClInclude>
    <ClInclude Include="common\Vector.h">
      <Filter>Header Files\common</Filter>
    </ClInclude>
    <ClInclude Include="objects\ShapeGenerator.h">
      <Filter>Header Files\objects</Filter>
    </ClInclude>
    <ClInclude Include="common\math.h">
      <Filter>Header Files\common</Filter>
    </ClInclude>
    <ClInclude Include="render\TextureLoader.h">
      <Filter>Header Files\render</Filter>
    </ClInclude>
  </ItemGroup>
  <ItemGroup>
    <ClCompile Include="stdafx.cpp">
      <Filter>Source Files</Filter>
    </ClCompile>
    <ClCompile Include="ScyforgeTest.cpp">
      <Filter>Source Files</Filter>
    </ClCompile>
    <ClCompile Include="render\OpenGL.cpp">
      <Filter>Source Files\render</Filter>
    </ClCompile>
    <ClCompile Include="render\GLWindow.cpp">
      <Filter>Source Files\render</Filter>
    </ClCompile>
    <ClCompile Include="common\Logger.cpp">
      <Filter>Source Files\common</Filter>
    </ClCompile>
    <ClCompile Include="render\Scene.cpp">
      <Filter>Source Files\render</Filter>
    </ClCompile>
    <ClCompile Include="objects\ShapeGenerator.cpp">
      <Filter>Source Files\objects</Filter>
    </ClCompile>
    <ClCompile Include="render\TextureLoader.cpp">
      <Filter>Source Files\render</Filter>
    </ClCompile>
  </ItemGroup>
  <ItemGroup>
    <None Include="shaders\ball.fs.glsl">
      <Filter>Resource Files\shaders</Filter>
    </None>
    <None Include="shaders\ball.vs.glsl">
      <Filter>Resource Files\shaders</Filter>
    </None>
    <None Include="shaders\light.fs.glsl">
      <Filter>Resource Files\shaders</Filter>
    </None>
    <None Include="shaders\light.vs.glsl">
      <Filter>Resource Files\shaders</Filter>
    </None>
    <None Include="shaders\skybox.fs.glsl">
      <Filter>Resource Files\shaders</Filter>
    </None>
    <None Include="shaders\skybox.vs.glsl">
      <Filter>Resource Files\shaders</Filter>
    </None>
    <None Include="shaders\table.fs.glsl">
      <Filter>Resource Files\shaders</Filter>
    </None>
    <None Include="shaders\table.vs.glsl">
      <Filter>Resource Files\shaders</Filter>
    </None>
  </ItemGroup>
</Project>